
Microsoft Visual Studio Solution File, Format Version 12.00
# Visual Studio Version 17
VisualStudioVersion = 17.8.34330.188
MinimumVisualStudioVersion = 10.0.40219.1
Project("{FAE04EC0-301F-11D3-BF4B-00C04F79EFBC}") = "TextVault", "TextVault.csproj", "{D26A0549-DBE8-4EFA-A1FF-442C55718FDE}"
EndProject
Global
	GlobalSection(SolutionConfigurationPlatforms) = preSolution
		Debug|Any CPU = Debug|Any CPU
		Release|Any CPU = Release|Any CPU
	EndGlobalSection
	GlobalSection(ProjectConfigurationPlatforms) = postSolution
		{D26A0549-DBE8-4EFA-A1FF-442C55718FDE}.Debug|Any CPU.ActiveCfg = Debug|Any CPU
		{D26A0549-DBE8-4EFA-A1FF-442C55718FDE}.Debug|Any CPU.Build.0 = Debug|Any CPU
		{D26A0549-DBE8-4EFA-A1FF-442C55718FDE}.Release|Any CPU.ActiveCfg = Release|Any CPU
		{D26A0549-DBE8-4EFA-A1FF-442C55718FDE}.Release|Any CPU.Build.0 = Release|Any CPU
	EndGlobalSection
	GlobalSection(SolutionProperties) = preSolution
		HideSolutionNode = FALSE
	EndGlobalSection
	GlobalSection(ExtensibilityGlobals) = postSolution
		SolutionGuid = {0B6A52B3-9EA8-4D3E-9CA9-0AA386053B18}
	EndGlobalSection
EndGlobal
